
Microsoft Visual Studio Solution File, Format Version 12.00
# Visual Studio Version 17
VisualStudioVersion = 17.0.31903.59
MinimumVisualStudioVersion = 10.0.40219.1
Project("{2150E333-8FDC-42A3-9474-1A3956D46DE8}") = "src", "src", "{827E0CD3-B72D-47B6-A68D-7590B98EB39B}"
EndProject
Project("{FAE04EC0-301F-11D3-BF4B-00C04F79EFBC}") = "JlptTrainer.Domain", "src\JlptTrainer.Domain\JlptTrainer.Domain.csproj", "{ED44EDC2-8A15-412A-A9E8-8C127B9C4156}"
EndProject
Project("{FAE04EC0-301F-11D3-BF4B-00C04F79EFBC}") = "JlptTrainer.Application", "src\JlptTrainer.Application\JlptTrainer.Application.csproj", "{D9FF3322-B62F-4A07-98EE-3E7F605330D3}"
EndProject
Project("{FAE04EC0-301F-11D3-BF4B-00C04F79EFBC}") = "JlptTrainer.Infrastructure", "src\JlptTrainer.Infrastructure\JlptTrainer.Infrastructure.csproj", "{C9FBB0EA-6E74-49C7-A9D2-C5838AA63A68}"
EndProject
Project("{FAE04EC0-301F-11D3-BF4B-00C04F79EFBC}") = "JlptTrainer.Api", "src\JlptTrainer.Api\JlptTrainer.Api.csproj", "{E63006FC-4C0D-4DF4-AE50-C40D11B45D01}"
EndProject
Project("{2150E333-8FDC-42A3-9474-1A3956D46DE8}") = "tests", "tests", "{0AB3BF05-4346-4AA6-1389-037BE0695223}"
EndProject
Project("{FAE04EC0-301F-11D3-BF4B-00C04F79EFBC}") = "JlptTrainer.Application.UnitTests", "tests\JlptTrainer.Application.UnitTests\JlptTrainer.Application.UnitTests.csproj", "{9DFB5ABC-0277-4400-B2A1-BCADCAD705D6}"
EndProject
Project("{FAE04EC0-301F-11D3-BF4B-00C04F79EFBC}") = "JlptTrainer.Api.IntegrationTests", "tests\JlptTrainer.Api.IntegrationTests\JlptTrainer.Api.IntegrationTests.csproj", "{3C17F5B5-1BFA-4DF3-9C4C-6D74FBDD6F19}"
EndProject
Global
	GlobalSection(SolutionConfigurationPlatforms) = preSolution
		Debug|Any CPU = Debug|Any CPU
		Debug|x64 = Debug|x64
		Debug|x86 = Debug|x86
		Release|Any CPU = Release|Any CPU
		Release|x64 = Release|x64
		Release|x86 = Release|x86
	EndGlobalSection
	GlobalSection(ProjectConfigurationPlatforms) = postSolution
		{ED44EDC2-8A15-412A-A9E8-8C127B9C4156}.Debug|Any CPU.ActiveCfg = Debug|Any CPU
		{ED44EDC2-8A15-412A-A9E8-8C127B9C4156}.Debug|Any CPU.Build.0 = Debug|Any CPU
		{ED44EDC2-8A15-412A-A9E8-8C127B9C4156}.Debug|x64.ActiveCfg = Debug|Any CPU
		{ED44EDC2-8A15-412A-A9E8-8C127B9C4156}.Debug|x64.Build.0 = Debug|Any CPU
		{ED44EDC2-8A15-412A-A9E8-8C127B9C4156}.Debug|x86.ActiveCfg = Debug|Any CPU
		{ED44EDC2-8A15-412A-A9E8-8C127B9C4156}.Debug|x86.Build.0 = Debug|Any CPU
		{ED44EDC2-8A15-412A-A9E8-8C127B9C4156}.Release|Any CPU.ActiveCfg = Release|Any CPU
		{ED44EDC2-8A15-412A-A9E8-8C127B9C4156}.Release|Any CPU.Build.0 = Release|Any CPU
		{ED44EDC2-8A15-412A-A9E8-8C127B9C4156}.Release|x64.ActiveCfg = Release|Any CPU
		{ED44EDC2-8A15-412A-A9E8-8C127B9C4156}.Release|x64.Build.0 = Release|Any CPU
		{ED44EDC2-8A15-412A-A9E8-8C127B9C4156}.Release|x86.ActiveCfg = Release|Any CPU
		{ED44EDC2-8A15-412A-A9E8-8C127B9C4156}.Release|x86.Build.0 = Release|Any CPU
		{D9FF3322-B62F-4A07-98EE-3E7F605330D3}.Debug|Any CPU.ActiveCfg = Debug|Any CPU
		{D9FF3322-B62F-4A07-98EE-3E7F605330D3}.Debug|Any CPU.Build.0 = Debug|Any CPU
		{D9FF3322-B62F-4A07-98EE-3E7F605330D3}.Debug|x64.ActiveCfg = Debug|Any CPU
		{D9FF3322-B62F-4A07-98EE-3E7F605330D3}.Debug|x64.Build.0 = Debug|Any CPU
		{D9FF3322-B62F-4A07-98EE-3E7F605330D3}.Debug|x86.ActiveCfg = Debug|Any CPU
		{D9FF3322-B62F-4A07-98EE-3E7F605330D3}.Debug|x86.Build.0 = Debug|Any CPU
		{D9FF3322-B62F-4A07-98EE-3E7F605330D3}.Release|Any CPU.ActiveCfg = Release|Any CPU
		{D9FF3322-B62F-4A07-98EE-3E7F605330D3}.Release|Any CPU.Build.0 = Release|Any CPU
		{D9FF3322-B62F-4A07-98EE-3E7F605330D3}.Release|x64.ActiveCfg = Release|Any CPU
		{D9FF3322-B62F-4A07-98EE-3E7F605330D3}.Release|x64.Build.0 = Release|Any CPU
		{D9FF3322-B62F-4A07-98EE-3E7F605330D3}.Release|x86.ActiveCfg = Release|Any CPU
		{D9FF3322-B62F-4A07-98EE-3E7F605330D3}.Release|x86.Build.0 = Release|Any CPU
		{C9FBB0EA-6E74-49C7-A9D2-C5838AA63A68}.Debug|Any CPU.ActiveCfg = Debug|Any CPU
		{C9FBB0EA-6E74-49C7-A9D2-C5838AA63A68}.Debug|Any CPU.Build.0 = Debug|Any CPU
		{C9FBB0EA-6E74-49C7-A9D2-C5838AA63A68}.Debug|x64.ActiveCfg = Debug|Any CPU
		{C9FBB0EA-6E74-49C7-A9D2-C5838AA63A68}.Debug|x64.Build.0 = Debug|Any CPU
		{C9FBB0EA-6E74-49C7-A9D2-C5838AA63A68}.Debug|x86.ActiveCfg = Debug|Any CPU
		{C9FBB0EA-6E74-49C7-A9D2-C5838AA63A68}.Debug|x86.Build.0 = Debug|Any CPU
		{C9FBB0EA-6E74-49C7-A9D2-C5838AA63A68}.Release|Any CPU.ActiveCfg = Release|Any CPU
		{C9FBB0EA-6E74-49C7-A9D2-C5838AA63A68}.Release|Any CPU.Build.0 = Release|Any CPU
		{C9FBB0EA-6E74-49C7-A9D2-C5838AA63A68}.Release|x64.ActiveCfg = Release|Any CPU
		{C9FBB0EA-6E74-49C7-A9D2-C5838AA63A68}.Release|x64.Build.0 = Release|Any CPU
		{C9FBB0EA-6E74-49C7-A9D2-C5838AA63A68}.Release|x86.ActiveCfg = Release|Any CPU
		{C9FBB0EA-6E74-49C7-A9D2-C5838AA63A68}.Release|x86.Build.0 = Release|Any CPU
		{E63006FC-4C0D-4DF4-AE50-C40D11B45D01}.Debug|Any CPU.ActiveCfg = Debug|Any CPU
		{E63006FC-4C0D-4DF4-AE50-C40D11B45D01}.Debug|Any CPU.Build.0 = Debug|Any CPU
		{E63006FC-4C0D-4DF4-AE50-C40D11B45D01}.Debug|x64.ActiveCfg = Debug|Any CPU
		{E63006FC-4C0D-4DF4-AE50-C40D11B45D01}.Debug|x64.Build.0 = Debug|Any CPU
		{E63006FC-4C0D-4DF4-AE50-C40D11B45D01}.Debug|x86.ActiveCfg = Debug|Any CPU
		{E63006FC-4C0D-4DF4-AE50-C40D11B45D01}.Debug|x86.Build.0 = Debug|Any CPU
		{E63006FC-4C0D-4DF4-AE50-C40D11B45D01}.Release|Any CPU.ActiveCfg = Release|Any CPU
		{E63006FC-4C0D-4DF4-AE50-C40D11B45D01}.Release|Any CPU.Build.0 = Release|Any CPU
		{E63006FC-4C0D-4DF4-AE50-C40D11B45D01}.Release|x64.ActiveCfg = Release|Any CPU
		{E63006FC-4C0D-4DF4-AE50-C40D11B45D01}.Release|x64.Build.0 = Release|Any CPU
		{E63006FC-4C0D-4DF4-AE50-C40D11B45D01}.Release|x86.ActiveCfg = Release|Any CPU
		{E63006FC-4C0D-4DF4-AE50-C40D11B45D01}.Release|x86.Build.0 = Release|Any CPU
		{9DFB5ABC-0277-4400-B2A1-BCADCAD705D6}.Debug|Any CPU.ActiveCfg = Debug|Any CPU
		{9DFB5ABC-0277-4400-B2A1-BCADCAD705D6}.Debug|Any CPU.Build.0 = Debug|Any CPU
		{9DFB5ABC-0277-4400-B2A1-BCADCAD705D6}.Debug|x64.ActiveCfg = Debug|Any CPU
		{9DFB5ABC-0277-4400-B2A1-BCADCAD705D6}.Debug|x64.Build.0 = Debug|Any CPU
		{9DFB5ABC-0277-4400-B2A1-BCADCAD705D6}.Debug|x86.ActiveCfg = Debug|Any CPU
		{9DFB5ABC-0277-4400-B2A1-BCADCAD705D6}.Debug|x86.Build.0 = Debug|Any CPU
		{9DFB5ABC-0277-4400-B2A1-BCADCAD705D6}.Release|Any CPU.ActiveCfg = Release|Any CPU
		{9DFB5ABC-0277-4400-B2A1-BCADCAD705D6}.Release|Any CPU.Build.0 = Release|Any CPU
		{9DFB5ABC-0277-4400-B2A1-BCADCAD705D6}.Release|x64.ActiveCfg = Release|Any CPU
		{9DFB5ABC-0277-4400-B2A1-BCADCAD705D6}.Release|x64.Build.0 = Release|Any CPU
		{9DFB5ABC-0277-4400-B2A1-BCADCAD705D6}.Release|x86.ActiveCfg = Release|Any CPU
		{9DFB5ABC-0277-4400-B2A1-BCADCAD705D6}.Release|x86.Build.0 = Release|Any CPU
		{3C17F5B5-1BFA-4DF3-9C4C-6D74FBDD6F19}.Debug|Any CPU.ActiveCfg = Debug|Any CPU
		{3C17F5B5-1BFA-4DF3-9C4C-6D74FBDD6F19}.Debug|Any CPU.Build.0 = Debug|Any CPU
		{3C17F5B5-1BFA-4DF3-9C4C-6D74FBDD6F19}.Debug|x64.ActiveCfg = Debug|Any CPU
		{3C17F5B5-1BFA-4DF3-9C4C-6D74FBDD6F19}.Debug|x64.Build.0 = Debug|Any CPU
		{3C17F5B5-1BFA-4DF3-9C4C-6D74FBDD6F19}.Debug|x86.ActiveCfg = Debug|Any CPU
		{3C17F5B5-1BFA-4DF3-9C4C-6D74FBDD6F19}.Debug|x86.Build.0 = Debug|Any CPU
		{3C17F5B5-1BFA-4DF3-9C4C-6D74FBDD6F19}.Release|Any CPU.ActiveCfg = Release|Any CPU
		{3C17F5B5-1BFA-4DF3-9C4C-6D74FBDD6F19}.Release|Any CPU.Build.0 = Release|Any CPU
		{3C17F5B5-1BFA-4DF3-9C4C-6D74FBDD6F19}.Release|x64.ActiveCfg = Release|Any CPU
		{3C17F5B5-1BFA-4DF3-9C4C-6D74FBDD6F19}.Release|x64.Build.0 = Release|Any CPU
		{3C17F5B5-1BFA-4DF3-9C4C-6D74FBDD6F19}.Release|x86.ActiveCfg = Release|Any CPU
		{3C17F5B5-1BFA-4DF3-9C4C-6D74FBDD6F19}.Release|x86.Build.0 = Release|Any CPU
	EndGlobalSection
	GlobalSection(SolutionProperties) = preSolution
		HideSolutionNode = FALSE
	EndGlobalSection
	GlobalSection(NestedProjects) = preSolution
		{ED44EDC2-8A15-412A-A9E8-8C127B9C4156} = {827E0CD3-B72D-47B6-A68D-7590B98EB39B}
		{D9FF3322-B62F-4A07-98EE-3E7F605330D3} = {827E0CD3-B72D-47B6-A68D-7590B98EB39B}
		{C9FBB0EA-6E74-49C7-A9D2-C5838AA63A68} = {827E0CD3-B72D-47B6-A68D-7590B98EB39B}
		{E63006FC-4C0D-4DF4-AE50-C40D11B45D01} = {827E0CD3-B72D-47B6-A68D-7590B98EB39B}
		{9DFB5ABC-0277-4400-B2A1-BCADCAD705D6} = {0AB3BF05-4346-4AA6-1389-037BE0695223}
		{3C17F5B5-1BFA-4DF3-9C4C-6D74FBDD6F19} = {0AB3BF05-4346-4AA6-1389-037BE0695223}
	EndGlobalSection
EndGlobal
